# This file is autogenerated, do not edit; changes may be undone by the next 'dep ensure'.


[[projects]]
  name = "github.com/aws/aws-sdk-go"
  packages = [
    "aws",
    "aws/awserr",
    "aws/awsutil",
    "aws/client",
    "aws/client/metadata",
    "aws/corehandlers",
    "aws/credentials",
    "aws/credentials/ec2rolecreds",
    "aws/credentials/endpointcreds",
    "aws/credentials/stscreds",
    "aws/defaults",
    "aws/ec2metadata",
    "aws/endpoints",
    "aws/request",
    "aws/session",
    "aws/signer/v4",
    "internal/sdkio",
    "internal/sdkrand",
    "internal/shareddefaults",
    "private/protocol",
    "private/protocol/query",
    "private/protocol/query/queryutil",
    "private/protocol/rest",
    "private/protocol/restxml",
    "private/protocol/xml/xmlutil",
    "service/s3",
    "service/s3/s3iface",
    "service/s3/s3manager",
    "service/sts"
  ]
  revision = "7f68df2a5baf19398d17def23a514a6e617e5937"
  version = "v1.13.28"

[[projects]]
  name = "github.com/blendlabs/go-assert"
  packages = ["."]
  revision = "9f7a7db824827ff9bc97b08cdceb4108f23f5c22"
  version = "v1.0.0"

[[projects]]
  name = "github.com/blendlabs/go-chronometer"
  packages = ["."]
  revision = "d40dffdb3ce0dd59252bcde848ddc0d9af4fbe26"
  version = "v1.0.0"

[[projects]]
  name = "github.com/blendlabs/go-exception"
  packages = ["."]
  revision = "9dae8754a473cc68abd8362fbca5c523e98426d2"
  version = "v1.4.0"

[[projects]]
  name = "github.com/blendlabs/go-google-oauth"
  packages = ["."]
  revision = "b1448b1c3242155f5a206794f06578b8a7c89483"
  version = "v1.0.0"

[[projects]]
  name = "github.com/blendlabs/go-logger"
  packages = ["."]
  revision = "c5f4bfc3750cc651a07334a6f7d365dba57e523f"
  version = "v1.4.0"

[[projects]]
  name = "github.com/blendlabs/go-request"
  packages = ["."]
  revision = "1e9285e5ebae6717dfe53a2f1dcb10b290d489b8"
  version = "v1.0.0"

[[projects]]
  name = "github.com/blendlabs/go-util"
  packages = [
    ".",
    "collections",
    "configutil",
    "env",
    "uuid"
  ]
  revision = "b80b9c02b42db9b82469796462c03405f0ab9582"
  version = "v1.4.0"

[[projects]]
  name = "github.com/blendlabs/go-web"
  packages = ["."]
  revision = "c714712ffe7a504e476cd5393cda141f5188860b"
  version = "v1.4.0"

[[projects]]
  name = "github.com/blendlabs/go-workqueue"
  packages = ["."]
  revision = "c530d120e9ba7d498d057207185c24dc28fa5ca2"
  version = "v1.0.0"

[[projects]]
  name = "github.com/blendlabs/spiffy"
  packages = [
    ".",
    "migration"
  ]
  revision = "6a6c10416513ef68df0ddc9677eaaf736491ebd7"
  version = "v1.4.0"

[[projects]]
  name = "github.com/go-ini/ini"
  packages = ["."]
  revision = "5e9692864e22d02ac79e2fa499cffb00520b4fea"
  version = "v1.34.0"

[[projects]]
  branch = "master"
  name = "github.com/golang/freetype"
  packages = [
    "raster",
    "truetype"
  ]
  revision = "e2365dfdc4a05e4b8299a783240d4a7d5a65d4e4"

[[projects]]
  name = "github.com/jmespath/go-jmespath"
  packages = ["."]
  revision = "0b12d6b5"

[[projects]]
  branch = "master"
  name = "github.com/lib/pq"
  packages = [
    ".",
    "oid"
  ]
  revision = "d34b9ff171c21ad295489235aec8b6626023cd04"

[[projects]]
  name = "github.com/wcharczuk/go-chart"
  packages = [
    ".",
    "drawing"
  ]
  revision = "fc2973067ce43455507ea5f9aa9814aabbf8f2ca"
  version = "v2.0"

[[projects]]
  branch = "master"
  name = "golang.org/x/image"
  packages = [
    "draw",
    "font",
    "math/f64",
    "math/fixed"
  ]
  revision = "f315e440302883054d0c2bd85486878cb4f8572c"

[[projects]]
  name = "gopkg.in/yaml.v2"
  packages = ["."]
  revision = "5420a8b6744d3b0345ab293f6fcba19c978f1183"
  version = "v2.2.1"

[solve-meta]
  analyzer-name = "dep"
  analyzer-version = 1
  inputs-digest = "1748934b8c38909039e32e07d87d7e1c035bb491cebc0c21909aba4c12d51817"
  solver-name = "gps-cdcl"
  solver-version = 1
